{
  "name": "@ai-motion-studio/editor",
  "version": "0.1.0",
  "lockfileVersion": 3,
  "requires": true,
  "packages": {
    "": {
      "name": "@ai-motion-studio/editor",
      "version": "0.1.0",
      "dependencies": {
        "konva": "10.7.1"
      },
      "engines": {
        "node": ">=24 <25"
      }
    },
    "node_modules/konva": {
      "version": "10.7.1",
      "resolved": "https://registry.npmjs.org/konva/-/konva-10.7.1.tgz",
      "integrity": "sha512-z/JyXPaT6tWBSEcaT70mdfN3oNQ6U6rDxlH9OkRdxlJaf23DOqfMPGptQWVvXlWfKMJQWEa+PNe9ru3zQR7ifw==",
      "license": "MIT",
      "peerDependencies": {
        "canvas": "^2.7.0 || ^3.0.0",
        "skia-canvas": "^2.0.0"
      },
      "peerDependenciesMeta": {
        "canvas": {
          "optional": true
        },
        "skia-canvas": {
          "optional": true
        }
      }
    }
  }
}
